
Microsoft Visual Studio Solution File, Format Version 12.00
# Visual Studio Version 17
VisualStudioVersion = 17.10.35027.167
MinimumVisualStudioVersion = 10.0.40219.1
Project("{FAE04EC0-301F-11D3-BF4B-00C04F79EFBC}") = "ttcm-mvc", "ttcm-mvc.csproj", "{A353C9FF-982C-4AD3-949A-679883EBE247}"
EndProject
Global
	GlobalSection(SolutionConfigurationPlatforms) = preSolution
		Debug|Any CPU = Debug|Any CPU
		Release|Any CPU = Release|Any CPU
	EndGlobalSection
	GlobalSection(ProjectConfigurationPlatforms) = postSolution
		{A353C9FF-982C-4AD3-949A-679883EBE247}.Debug|Any CPU.ActiveCfg = Debug|Any CPU
		{A353C9FF-982C-4AD3-949A-679883EBE247}.Debug|Any CPU.Build.0 = Debug|Any CPU
		{A353C9FF-982C-4AD3-949A-679883EBE247}.Release|Any CPU.ActiveCfg = Release|Any CPU
		{A353C9FF-982C-4AD3-949A-679883EBE247}.Release|Any CPU.Build.0 = Release|Any CPU
	EndGlobalSection
	GlobalSection(SolutionProperties) = preSolution
		HideSolutionNode = FALSE
	EndGlobalSection
	GlobalSection(ExtensibilityGlobals) = postSolution
		SolutionGuid = {4478FB57-B5F7-4247-A66A-04C4BD8CDD90}
	EndGlobalSection
EndGlobal
